
Microsoft Visual Studio Solution File, Format Version 12.00
# Visual Studio Version 17
VisualStudioVersion = 17.11.35327.3
MinimumVisualStudioVersion = 10.0.40219.1
Project("{FAE04EC0-301F-11D3-BF4B-00C04F79EFBC}") = "Param Randomizer", "Param Randomizer\Param Randomizer.csproj", "{1AC86D3F-2A61-489C-81E6-EEA67D0B753C}"
EndProject
Project("{9A19103F-16F7-4668-BE54-9A1E7A4F7556}") = "SoulsFormats", "SoulsFormats\SoulsFormats.csproj", "{C8DD1F6A-2F21-433A-9AEC-218C6EA8E4C7}"
EndProject
Global
	GlobalSection(SolutionConfigurationPlatforms) = preSolution
		Debug|Any CPU = Debug|Any CPU
		Release|Any CPU = Release|Any CPU
	EndGlobalSection
	GlobalSection(ProjectConfigurationPlatforms) = postSolution
		{1AC86D3F-2A61-489C-81E6-EEA67D0B753C}.Debug|Any CPU.ActiveCfg = Debug|Any CPU
		{1AC86D3F-2A61-489C-81E6-EEA67D0B753C}.Debug|Any CPU.Build.0 = Debug|Any CPU
		{1AC86D3F-2A61-489C-81E6-EEA67D0B753C}.Release|Any CPU.ActiveCfg = Release|Any CPU
		{1AC86D3F-2A61-489C-81E6-EEA67D0B753C}.Release|Any CPU.Build.0 = Release|Any CPU
		{C8DD1F6A-2F21-433A-9AEC-218C6EA8E4C7}.Debug|Any CPU.ActiveCfg = Debug|Any CPU
		{C8DD1F6A-2F21-433A-9AEC-218C6EA8E4C7}.Debug|Any CPU.Build.0 = Debug|Any CPU
		{C8DD1F6A-2F21-433A-9AEC-218C6EA8E4C7}.Release|Any CPU.ActiveCfg = Release|Any CPU
		{C8DD1F6A-2F21-433A-9AEC-218C6EA8E4C7}.Release|Any CPU.Build.0 = Release|Any CPU
	EndGlobalSection
	GlobalSection(SolutionProperties) = preSolution
		HideSolutionNode = FALSE
	EndGlobalSection
	GlobalSection(ExtensibilityGlobals) = postSolution
		SolutionGuid = {BC9C4BB2-476E-4280-8C23-606F323D7874}
	EndGlobalSection
EndGlobal
